// !$*UTF8*$!
{
	archiveVersion = 1;
	classes = {
	};
	objectVersion = 56;
	objects = {

/* Begin PBXBuildFile section */
		D44A78912A3E275A0031ECF7 /* ParentView.swift in Sources */ = {isa = PBXBuildFile; fileRef = D44A78902A3E275A0031ECF7 /* ParentView.swift */; };
		D44A789A2A3E27C40031ECF7 /* EditorViewModel.swift in Sources */ = {isa = PBXBuildFile; fileRef = D44A78992A3E27C40031ECF7 /* EditorViewModel.swift */; };
		D44A789C2A3E27D50031ECF7 /* NavigationViewModel.swift in Sources */ = {isa = PBXBuildFile; fileRef = D44A789B2A3E27D50031ECF7 /* NavigationViewModel.swift */; };
		D44A78A02A3E27FD0031ECF7 /* Block.swift in Sources */ = {isa = PBXBuildFile; fileRef = D44A789F2A3E27FD0031ECF7 /* Block.swift */; };
		D44A78A22A3E28120031ECF7 /* BlockStyle.swift in Sources */ = {isa = PBXBuildFile; fileRef = D44A78A12A3E28120031ECF7 /* BlockStyle.swift */; };
		D44A78A52A3E28650031ECF7 /* TextBlock.swift in Sources */ = {isa = PBXBuildFile; fileRef = D44A78A42A3E28650031ECF7 /* TextBlock.swift */; };
		D44A78A82A3E287D0031ECF7 /* TextBlockUIKit.swift in Sources */ = {isa = PBXBuildFile; fileRef = D44A78A72A3E287D0031ECF7 /* TextBlockUIKit.swift */; };
		D44A78AA2A3E28B40031ECF7 /* TextStyleStandard.swift in Sources */ = {isa = PBXBuildFile; fileRef = D44A78A92A3E28B40031ECF7 /* TextStyleStandard.swift */; };
		D44A78AC2A3E28E10031ECF7 /* BlockView.swift in Sources */ = {isa = PBXBuildFile; fileRef = D44A78AB2A3E28E10031ECF7 /* BlockView.swift */; };
		D44A78AE2A3E28F60031ECF7 /* FoldableBlock.swift in Sources */ = {isa = PBXBuildFile; fileRef = D44A78AD2A3E28F60031ECF7 /* FoldableBlock.swift */; };
		D44A78B02A3E29050031ECF7 /* RootBlockView.swift in Sources */ = {isa = PBXBuildFile; fileRef = D44A78AF2A3E29050031ECF7 /* RootBlockView.swift */; };
		D44A78B42A3E2A5F0031ECF7 /* ContentManager.swift in Sources */ = {isa = PBXBuildFile; fileRef = D44A78B32A3E2A5F0031ECF7 /* ContentManager.swift */; };
		D44A78B62A3E2A870031ECF7 /* ContentManagerFolding.swift in Sources */ = {isa = PBXBuildFile; fileRef = D44A78B52A3E2A870031ECF7 /* ContentManagerFolding.swift */; };
		D44A78B82A3E2A950031ECF7 /* ContentManagerStyling.swift in Sources */ = {isa = PBXBuildFile; fileRef = D44A78B72A3E2A950031ECF7 /* ContentManagerStyling.swift */; };
		D44A78BB2A3E2ABB0031ECF7 /* Constants.swift in Sources */ = {isa = PBXBuildFile; fileRef = D44A78BA2A3E2ABB0031ECF7 /* Constants.swift */; };
		D44A78BE2A3E2AEF0031ECF7 /* Stacks.swift in Sources */ = {isa = PBXBuildFile; fileRef = D44A78BD2A3E2AEF0031ECF7 /* Stacks.swift */; };
		D44A78C02A3E2B070031ECF7 /* UIApplication.swift in Sources */ = {isa = PBXBuildFile; fileRef = D44A78BF2A3E2B070031ECF7 /* UIApplication.swift */; };
		D44A78C22A3E2B290031ECF7 /* Animation.swift in Sources */ = {isa = PBXBuildFile; fileRef = D44A78C12A3E2B290031ECF7 /* Animation.swift */; };
		D44A78C42A3E2B330031ECF7 /* Binding.swift in Sources */ = {isa = PBXBuildFile; fileRef = D44A78C32A3E2B330031ECF7 /* Binding.swift */; };
		D44A78C62A3E2B3D0031ECF7 /* Blur.swift in Sources */ = {isa = PBXBuildFile; fileRef = D44A78C52A3E2B3D0031ECF7 /* Blur.swift */; };
		D44A78C82A3E2B500031ECF7 /* ButtonStyles.swift in Sources */ = {isa = PBXBuildFile; fileRef = D44A78C72A3E2B500031ECF7 /* ButtonStyles.swift */; };
		D44A78CC2A3E2B7C0031ECF7 /* Font.swift in Sources */ = {isa = PBXBuildFile; fileRef = D44A78CB2A3E2B7C0031ECF7 /* Font.swift */; };
		D44A78CE2A3E2B8D0031ECF7 /* Haptics.swift in Sources */ = {isa = PBXBuildFile; fileRef = D44A78CD2A3E2B8D0031ECF7 /* Haptics.swift */; };
		D44A78D02A3E2B970031ECF7 /* Modal.swift in Sources */ = {isa = PBXBuildFile; fileRef = D44A78CF2A3E2B970031ECF7 /* Modal.swift */; };
		D44A78D22A3E2B9F0031ECF7 /* String.swift in Sources */ = {isa = PBXBuildFile; fileRef = D44A78D12A3E2B9F0031ECF7 /* String.swift */; };
		D44A78D42A3E2BAA0031ECF7 /* Collection.swift in Sources */ = {isa = PBXBuildFile; fileRef = D44A78D32A3E2BAA0031ECF7 /* Collection.swift */; };
		D44A78D82A3E2BDA0031ECF7 /* RoundedButton.swift in Sources */ = {isa = PBXBuildFile; fileRef = D44A78D72A3E2BDA0031ECF7 /* RoundedButton.swift */; };
		D44A78DA2A3E2BE90031ECF7 /* Bar.swift in Sources */ = {isa = PBXBuildFile; fileRef = D44A78D92A3E2BE90031ECF7 /* Bar.swift */; };
		D44A78DE2A3E2C930031ECF7 /* CenterControl.swift in Sources */ = {isa = PBXBuildFile; fileRef = D44A78DD2A3E2C930031ECF7 /* CenterControl.swift */; };
		D44A78E02A3E2D030031ECF7 /* MiscControl.swift in Sources */ = {isa = PBXBuildFile; fileRef = D44A78DF2A3E2D030031ECF7 /* MiscControl.swift */; };
		D44A78E22A3E2D160031ECF7 /* SymbolButton.swift in Sources */ = {isa = PBXBuildFile; fileRef = D44A78E12A3E2D160031ECF7 /* SymbolButton.swift */; };
		D44A78E42A3E2D230031ECF7 /* PlaybackControl.swift in Sources */ = {isa = PBXBuildFile; fileRef = D44A78E32A3E2D230031ECF7 /* PlaybackControl.swift */; };
		D44A78E62A3E2D340031ECF7 /* ThreadLine.swift in Sources */ = {isa = PBXBuildFile; fileRef = D44A78E52A3E2D340031ECF7 /* ThreadLine.swift */; };
		D44A78E82A3E2D4C0031ECF7 /* EditorView.swift in Sources */ = {isa = PBXBuildFile; fileRef = D44A78E72A3E2D4C0031ECF7 /* EditorView.swift */; };
		D44A78EA2A3E2D590031ECF7 /* EditorContent.swift in Sources */ = {isa = PBXBuildFile; fileRef = D44A78E92A3E2D590031ECF7 /* EditorContent.swift */; };
		D44A78EC2A3E2D6A0031ECF7 /* BlurtView.swift in Sources */ = {isa = PBXBuildFile; fileRef = D44A78EB2A3E2D6A0031ECF7 /* BlurtView.swift */; };
		D44A78EF2A3E2D820031ECF7 /* NavigationBar.swift in Sources */ = {isa = PBXBuildFile; fileRef = D44A78EE2A3E2D820031ECF7 /* NavigationBar.swift */; };
		D44A78F12A3E2D8F0031ECF7 /* NoteNavigationBar.swift in Sources */ = {isa = PBXBuildFile; fileRef = D44A78F02A3E2D8F0031ECF7 /* NoteNavigationBar.swift */; };
		D44A78F32A3E2DA00031ECF7 /* SafeAreaBlock.swift in Sources */ = {isa = PBXBuildFile; fileRef = D44A78F22A3E2DA00031ECF7 /* SafeAreaBlock.swift */; };
		D44A78F52A3E2DBF0031ECF7 /* Keyboard.swift in Sources */ = {isa = PBXBuildFile; fileRef = D44A78F42A3E2DBF0031ECF7 /* Keyboard.swift */; };
		D44A78F72A3E2DF10031ECF7 /* CollapsedBlock.swift in Sources */ = {isa = PBXBuildFile; fileRef = D44A78F62A3E2DF10031ECF7 /* CollapsedBlock.swift */; };
		D44A78FA2A3E2E120031ECF7 /* ImagePicker.swift in Sources */ = {isa = PBXBuildFile; fileRef = D44A78F92A3E2E120031ECF7 /* ImagePicker.swift */; };
		D44A78FC2A3E2E380031ECF7 /* Styles.swift in Sources */ = {isa = PBXBuildFile; fileRef = D44A78FB2A3E2E380031ECF7 /* Styles.swift */; };
		D44A78FE2A3E2E540031ECF7 /* TextBlockViewModel.swift in Sources */ = {isa = PBXBuildFile; fileRef = D44A78FD2A3E2E540031ECF7 /* TextBlockViewModel.swift */; };
		D44A79012A3E2E680031ECF7 /* AlphaContentManager.swift in Sources */ = {isa = PBXBuildFile; fileRef = D44A79002A3E2E680031ECF7 /* AlphaContentManager.swift */; };
		D44A79032A3E2E770031ECF7 /* AlphaBlock.swift in Sources */ = {isa = PBXBuildFile; fileRef = D44A79022A3E2E770031ECF7 /* AlphaBlock.swift */; };
		D44A79052A3E2E820031ECF7 /* AlphaEditorView.swift in Sources */ = {isa = PBXBuildFile; fileRef = D44A79042A3E2E820031ECF7 /* AlphaEditorView.swift */; };
		D44A79072A3E2E8C0031ECF7 /* TestBlock.swift in Sources */ = {isa = PBXBuildFile; fileRef = D44A79062A3E2E8C0031ECF7 /* TestBlock.swift */; };
		D4D678E22A3E2F2D00F3B38E /* FluidGradient in Frameworks */ = {isa = PBXBuildFile; productRef = D4D678E12A3E2F2D00F3B38E /* FluidGradient */; };
		D4D678E72A3E5C3600F3B38E /* WrappingHStack in Frameworks */ = {isa = PBXBuildFile; productRef = D4D678E62A3E5C3600F3B38E /* WrappingHStack */; };
		E99CD2902A3E264300C2987C /* LecternApp.swift in Sources */ = {isa = PBXBuildFile; fileRef = E99CD28F2A3E264300C2987C /* LecternApp.swift */; };
		E99CD2922A3E264300C2987C /* ContentView.swift in Sources */ = {isa = PBXBuildFile; fileRef = E99CD2912A3E264300C2987C /* ContentView.swift */; };
		E99CD2942A3E264400C2987C /* Assets.xcassets in Resources */ = {isa = PBXBuildFile; fileRef = E99CD2932A3E264400C2987C /* Assets.xcassets */; };
		E99CD2982A3E264400C2987C /* Preview Assets.xcassets in Resources */ = {isa = PBXBuildFile; fileRef = E99CD2972A3E264400C2987C /* Preview Assets.xcassets */; };
		E99CD2A12A3E45F100C2987C /* SpeechRecognition.swift in Sources */ = {isa = PBXBuildFile; fileRef = E99CD2A02A3E45F100C2987C /* SpeechRecognition.swift */; };
		E99CD2A62A3E514900C2987C /* Array.swift in Sources */ = {isa = PBXBuildFile; fileRef = E99CD2A52A3E514900C2987C /* Array.swift */; };
		E99CD2AB2A3E5EAC00C2987C /* ContentManagerStudy.swift in Sources */ = {isa = PBXBuildFile; fileRef = E99CD2AA2A3E5EAC00C2987C /* ContentManagerStudy.swift */; };
		E99CD2AD2A3E62E800C2987C /* URL.swift in Sources */ = {isa = PBXBuildFile; fileRef = E99CD2AC2A3E62E800C2987C /* URL.swift */; };
		E99CD2AF2A3F60D300C2987C /* PracticeView.swift in Sources */ = {isa = PBXBuildFile; fileRef = E99CD2AE2A3F60D300C2987C /* PracticeView.swift */; };
/* End PBXBuildFile section */

/* Begin PBXFileReference section */
		D44A78902A3E275A0031ECF7 /* ParentView.swift */ = {isa = PBXFileReference; lastKnownFileType = sourcecode.swift; path = ParentView.swift; sourceTree = "<group>"; };
		D44A78992A3E27C40031ECF7 /* EditorViewModel.swift */ = {isa = PBXFileReference; lastKnownFileType = sourcecode.swift; path = EditorViewModel.swift; sourceTree = "<group>"; };
		D44A789B2A3E27D50031ECF7 /* NavigationViewModel.swift */ = {isa = PBXFileReference; lastKnownFileType = sourcecode.swift; path = NavigationViewModel.swift; sourceTree = "<group>"; };
		D44A789F2A3E27FD0031ECF7 /* Block.swift */ = {isa = PBXFileReference; lastKnownFileType = sourcecode.swift; path = Block.swift; sourceTree = "<group>"; };
		D44A78A12A3E28120031ECF7 /* BlockStyle.swift */ = {isa = PBXFileReference; lastKnownFileType = sourcecode.swift; path = BlockStyle.swift; sourceTree = "<group>"; };
		D44A78A42A3E28650031ECF7 /* TextBlock.swift */ = {isa = PBXFileReference; lastKnownFileType = sourcecode.swift; path = TextBlock.swift; sourceTree = "<group>"; };
		D44A78A72A3E287D0031ECF7 /* TextBlockUIKit.swift */ = {isa = PBXFileReference; lastKnownFileType = sourcecode.swift; path = TextBlockUIKit.swift; sourceTree = "<group>"; };
		D44A78A92A3E28B40031ECF7 /* TextStyleStandard.swift */ = {isa = PBXFileReference; lastKnownFileType = sourcecode.swift; path = TextStyleStandard.swift; sourceTree = "<group>"; };
		D44A78AB2A3E28E10031ECF7 /* BlockView.swift */ = {isa = PBXFileReference; lastKnownFileType = sourcecode.swift; path = BlockView.swift; sourceTree = "<group>"; };
		D44A78AD2A3E28F60031ECF7 /* FoldableBlock.swift */ = {isa = PBXFileReference; lastKnownFileType = sourcecode.swift; path = FoldableBlock.swift; sourceTree = "<group>"; };
		D44A78AF2A3E29050031ECF7 /* RootBlockView.swift */ = {isa = PBXFileReference; lastKnownFileType = sourcecode.swift; path = RootBlockView.swift; sourceTree = "<group>"; };
		D44A78B32A3E2A5F0031ECF7 /* ContentManager.swift */ = {isa = PBXFileReference; lastKnownFileType = sourcecode.swift; path = ContentManager.swift; sourceTree = "<group>"; };
		D44A78B52A3E2A870031ECF7 /* ContentManagerFolding.swift */ = {isa = PBXFileReference; lastKnownFileType = sourcecode.swift; path = ContentManagerFolding.swift; sourceTree = "<group>"; };
		D44A78B72A3E2A950031ECF7 /* ContentManagerStyling.swift */ = {isa = PBXFileReference; lastKnownFileType = sourcecode.swift; path = ContentManagerStyling.swift; sourceTree = "<group>"; };
		D44A78BA2A3E2ABB0031ECF7 /* Constants.swift */ = {isa = PBXFileReference; lastKnownFileType = sourcecode.swift; path = Constants.swift; sourceTree = "<group>"; };
		D44A78BD2A3E2AEF0031ECF7 /* Stacks.swift */ = {isa = PBXFileReference; lastKnownFileType = sourcecode.swift; path = Stacks.swift; sourceTree = "<group>"; };
		D44A78BF2A3E2B070031ECF7 /* UIApplication.swift */ = {isa = PBXFileReference; lastKnownFileType = sourcecode.swift; path = UIApplication.swift; sourceTree = "<group>"; };
		D44A78C12A3E2B290031ECF7 /* Animation.swift */ = {isa = PBXFileReference; lastKnownFileType = sourcecode.swift; path = Animation.swift; sourceTree = "<group>"; };
		D44A78C32A3E2B330031ECF7 /* Binding.swift */ = {isa = PBXFileReference; lastKnownFileType = sourcecode.swift; path = Binding.swift; sourceTree = "<group>"; };
		D44A78C52A3E2B3D0031ECF7 /* Blur.swift */ = {isa = PBXFileReference; lastKnownFileType = sourcecode.swift; path = Blur.swift; sourceTree = "<group>"; };
		D44A78C72A3E2B500031ECF7 /* ButtonStyles.swift */ = {isa = PBXFileReference; lastKnownFileType = sourcecode.swift; path = ButtonStyles.swift; sourceTree = "<group>"; };
		D44A78CB2A3E2B7C0031ECF7 /* Font.swift */ = {isa = PBXFileReference; lastKnownFileType = sourcecode.swift; path = Font.swift; sourceTree = "<group>"; };
		D44A78CD2A3E2B8D0031ECF7 /* Haptics.swift */ = {isa = PBXFileReference; lastKnownFileType = sourcecode.swift; path = Haptics.swift; sourceTree = "<group>"; };
		D44A78CF2A3E2B970031ECF7 /* Modal.swift */ = {isa = PBXFileReference; lastKnownFileType = sourcecode.swift; path = Modal.swift; sourceTree = "<group>"; };
		D44A78D12A3E2B9F0031ECF7 /* String.swift */ = {isa = PBXFileReference; lastKnownFileType = sourcecode.swift; path = String.swift; sourceTree = "<group>"; };
		D44A78D32A3E2BAA0031ECF7 /* Collection.swift */ = {isa = PBXFileReference; lastKnownFileType = sourcecode.swift; path = Collection.swift; sourceTree = "<group>"; };
		D44A78D72A3E2BDA0031ECF7 /* RoundedButton.swift */ = {isa = PBXFileReference; lastKnownFileType = sourcecode.swift; path = RoundedButton.swift; sourceTree = "<group>"; };
		D44A78D92A3E2BE90031ECF7 /* Bar.swift */ = {isa = PBXFileReference; lastKnownFileType = sourcecode.swift; path = Bar.swift; sourceTree = "<group>"; };
		D44A78DD2A3E2C930031ECF7 /* CenterControl.swift */ = {isa = PBXFileReference; lastKnownFileType = sourcecode.swift; path = CenterControl.swift; sourceTree = "<group>"; };
		D44A78DF2A3E2D030031ECF7 /* MiscControl.swift */ = {isa = PBXFileReference; lastKnownFileType = sourcecode.swift; path = MiscControl.swift; sourceTree = "<group>"; };
		D44A78E12A3E2D160031ECF7 /* SymbolButton.swift */ = {isa = PBXFileReference; lastKnownFileType = sourcecode.swift; path = SymbolButton.swift; sourceTree = "<group>"; };
		D44A78E32A3E2D230031ECF7 /* PlaybackControl.swift */ = {isa = PBXFileReference; lastKnownFileType = sourcecode.swift; path = PlaybackControl.swift; sourceTree = "<group>"; };
		D44A78E52A3E2D340031ECF7 /* ThreadLine.swift */ = {isa = PBXFileReference; lastKnownFileType = sourcecode.swift; path = ThreadLine.swift; sourceTree = "<group>"; };
		D44A78E72A3E2D4C0031ECF7 /* EditorView.swift */ = {isa = PBXFileReference; lastKnownFileType = sourcecode.swift; path = EditorView.swift; sourceTree = "<group>"; };
		D44A78E92A3E2D590031ECF7 /* EditorContent.swift */ = {isa = PBXFileReference; lastKnownFileType = sourcecode.swift; path = EditorContent.swift; sourceTree = "<group>"; };
		D44A78EB2A3E2D6A0031ECF7 /* BlurtView.swift */ = {isa = PBXFileReference; lastKnownFileType = sourcecode.swift; path = BlurtView.swift; sourceTree = "<group>"; };
		D44A78EE2A3E2D820031ECF7 /* NavigationBar.swift */ = {isa = PBXFileReference; lastKnownFileType = sourcecode.swift; path = NavigationBar.swift; sourceTree = "<group>"; };
		D44A78F02A3E2D8F0031ECF7 /* NoteNavigationBar.swift */ = {isa = PBXFileReference; lastKnownFileType = sourcecode.swift; path = NoteNavigationBar.swift; sourceTree = "<group>"; };
		D44A78F22A3E2DA00031ECF7 /* SafeAreaBlock.swift */ = {isa = PBXFileReference; lastKnownFileType = sourcecode.swift; path = SafeAreaBlock.swift; sourceTree = "<group>"; };
		D44A78F42A3E2DBF0031ECF7 /* Keyboard.swift */ = {isa = PBXFileReference; lastKnownFileType = sourcecode.swift; path = Keyboard.swift; sourceTree = "<group>"; };
		D44A78F62A3E2DF10031ECF7 /* CollapsedBlock.swift */ = {isa = PBXFileReference; lastKnownFileType = sourcecode.swift; path = CollapsedBlock.swift; sourceTree = "<group>"; };
		D44A78F92A3E2E120031ECF7 /* ImagePicker.swift */ = {isa = PBXFileReference; lastKnownFileType = sourcecode.swift; path = ImagePicker.swift; sourceTree = "<group>"; };
		D44A78FB2A3E2E380031ECF7 /* Styles.swift */ = {isa = PBXFileReference; lastKnownFileType = sourcecode.swift; path = Styles.swift; sourceTree = "<group>"; };
		D44A78FD2A3E2E540031ECF7 /* TextBlockViewModel.swift */ = {isa = PBXFileReference; lastKnownFileType = sourcecode.swift; path = TextBlockViewModel.swift; sourceTree = "<group>"; };
		D44A79002A3E2E680031ECF7 /* AlphaContentManager.swift */ = {isa = PBXFileReference; lastKnownFileType = sourcecode.swift; path = AlphaContentManager.swift; sourceTree = "<group>"; };
		D44A79022A3E2E770031ECF7 /* AlphaBlock.swift */ = {isa = PBXFileReference; lastKnownFileType = sourcecode.swift; path = AlphaBlock.swift; sourceTree = "<group>"; };
		D44A79042A3E2E820031ECF7 /* AlphaEditorView.swift */ = {isa = PBXFileReference; lastKnownFileType = sourcecode.swift; path = AlphaEditorView.swift; sourceTree = "<group>"; };
		D44A79062A3E2E8C0031ECF7 /* TestBlock.swift */ = {isa = PBXFileReference; lastKnownFileType = sourcecode.swift; path = TestBlock.swift; sourceTree = "<group>"; };
		E99CD28C2A3E264300C2987C /* Lectern.app */ = {isa = PBXFileReference; explicitFileType = wrapper.application; includeInIndex = 0; path = Lectern.app; sourceTree = BUILT_PRODUCTS_DIR; };
		E99CD28F2A3E264300C2987C /* LecternApp.swift */ = {isa = PBXFileReference; lastKnownFileType = sourcecode.swift; path = LecternApp.swift; sourceTree = "<group>"; };
		E99CD2912A3E264300C2987C /* ContentView.swift */ = {isa = PBXFileReference; lastKnownFileType = sourcecode.swift; path = ContentView.swift; sourceTree = "<group>"; };
		E99CD2932A3E264400C2987C /* Assets.xcassets */ = {isa = PBXFileReference; lastKnownFileType = folder.assetcatalog; path = Assets.xcassets; sourceTree = "<group>"; };
		E99CD2952A3E264400C2987C /* Lectern.entitlements */ = {isa = PBXFileReference; lastKnownFileType = text.plist.entitlements; path = Lectern.entitlements; sourceTree = "<group>"; };
		E99CD2972A3E264400C2987C /* Preview Assets.xcassets */ = {isa = PBXFileReference; lastKnownFileType = folder.assetcatalog; path = "Preview Assets.xcassets"; sourceTree = "<group>"; };
		E99CD29E2A3E44C800C2987C /* Info.plist */ = {isa = PBXFileReference; lastKnownFileType = text.plist; path = Info.plist; sourceTree = "<group>"; };
		E99CD2A02A3E45F100C2987C /* SpeechRecognition.swift */ = {isa = PBXFileReference; lastKnownFileType = sourcecode.swift; path = SpeechRecognition.swift; sourceTree = "<group>"; };
		E99CD2A52A3E514900C2987C /* Array.swift */ = {isa = PBXFileReference; lastKnownFileType = sourcecode.swift; path = Array.swift; sourceTree = "<group>"; };
		E99CD2AA2A3E5EAC00C2987C /* ContentManagerStudy.swift */ = {isa = PBXFileReference; lastKnownFileType = sourcecode.swift; path = ContentManagerStudy.swift; sourceTree = "<group>"; };
		E99CD2AC2A3E62E800C2987C /* URL.swift */ = {isa = PBXFileReference; lastKnownFileType = sourcecode.swift; path = URL.swift; sourceTree = "<group>"; };
		E99CD2AE2A3F60D300C2987C /* PracticeView.swift */ = {isa = PBXFileReference; lastKnownFileType = sourcecode.swift; path = PracticeView.swift; sourceTree = "<group>"; };
/* End PBXFileReference section */

/* Begin PBXFrameworksBuildPhase section */
		E99CD2892A3E264300C2987C /* Frameworks */ = {
			isa = PBXFrameworksBuildPhase;
			buildActionMask = 2147483647;
			files = (
				D4D678E72A3E5C3600F3B38E /* WrappingHStack in Frameworks */,
				D4D678E22A3E2F2D00F3B38E /* FluidGradient in Frameworks */,
			);
			runOnlyForDeploymentPostprocessing = 0;
		};
/* End PBXFrameworksBuildPhase section */

/* Begin PBXGroup section */
		D44A78962A3E278A0031ECF7 /* Backend */ = {
			isa = PBXGroup;
			children = (
				E99CD29F2A3E45D200C2987C /* Transcription */,
				D44A78B22A3E2A4B0031ECF7 /* Content */,
				D44A78B12A3E29640031ECF7 /* View Model */,
				D44A789D2A3E27E60031ECF7 /* Block */,
			);
			path = Backend;
			sourceTree = "<group>";
		};
		D44A789D2A3E27E60031ECF7 /* Block */ = {
			isa = PBXGroup;
			children = (
				D44A78A32A3E28510031ECF7 /* TextBlock */,
				D44A789E2A3E27F30031ECF7 /* BlockData */,
				D44A78AB2A3E28E10031ECF7 /* BlockView.swift */,
				D44A78AD2A3E28F60031ECF7 /* FoldableBlock.swift */,
				D44A78AF2A3E29050031ECF7 /* RootBlockView.swift */,
			);
			path = Block;
			sourceTree = "<group>";
		};
		D44A789E2A3E27F30031ECF7 /* BlockData */ = {
			isa = PBXGroup;
			children = (
				D44A789F2A3E27FD0031ECF7 /* Block.swift */,
				D44A78A12A3E28120031ECF7 /* BlockStyle.swift */,
			);
			path = BlockData;
			sourceTree = "<group>";
		};
		D44A78A32A3E28510031ECF7 /* TextBlock */ = {
			isa = PBXGroup;
			children = (
				D44A78A42A3E28650031ECF7 /* TextBlock.swift */,
				D44A78A72A3E287D0031ECF7 /* TextBlockUIKit.swift */,
				D44A78A92A3E28B40031ECF7 /* TextStyleStandard.swift */,
			);
			path = TextBlock;
			sourceTree = "<group>";
		};
		D44A78B12A3E29640031ECF7 /* View Model */ = {
			isa = PBXGroup;
			children = (
				D44A78992A3E27C40031ECF7 /* EditorViewModel.swift */,
				D44A789B2A3E27D50031ECF7 /* NavigationViewModel.swift */,
				D44A78FD2A3E2E540031ECF7 /* TextBlockViewModel.swift */,
			);
			path = "View Model";
			sourceTree = "<group>";
		};
		D44A78B22A3E2A4B0031ECF7 /* Content */ = {
			isa = PBXGroup;
			children = (
				D44A78B32A3E2A5F0031ECF7 /* ContentManager.swift */,
				D44A78B52A3E2A870031ECF7 /* ContentManagerFolding.swift */,
				D44A78B72A3E2A950031ECF7 /* ContentManagerStyling.swift */,
				E99CD2AA2A3E5EAC00C2987C /* ContentManagerStudy.swift */,
			);
			path = Content;
			sourceTree = "<group>";
		};
		D44A78B92A3E2AA60031ECF7 /* Helpers */ = {
			isa = PBXGroup;
			children = (
				D44A78F82A3E2E0A0031ECF7 /* UIViews */,
				D44A78BA2A3E2ABB0031ECF7 /* Constants.swift */,
				D44A78BD2A3E2AEF0031ECF7 /* Stacks.swift */,
				D44A78BF2A3E2B070031ECF7 /* UIApplication.swift */,
				D44A78C12A3E2B290031ECF7 /* Animation.swift */,
				D44A78C32A3E2B330031ECF7 /* Binding.swift */,
				D44A78C52A3E2B3D0031ECF7 /* Blur.swift */,
				D44A78C72A3E2B500031ECF7 /* ButtonStyles.swift */,
				D44A78CB2A3E2B7C0031ECF7 /* Font.swift */,
				D44A78CD2A3E2B8D0031ECF7 /* Haptics.swift */,
				D44A78D32A3E2BAA0031ECF7 /* Collection.swift */,
				D44A78D12A3E2B9F0031ECF7 /* String.swift */,
				D44A78CF2A3E2B970031ECF7 /* Modal.swift */,
				D44A78F42A3E2DBF0031ECF7 /* Keyboard.swift */,
				D44A78FB2A3E2E380031ECF7 /* Styles.swift */,
				E99CD2A52A3E514900C2987C /* Array.swift */,
				E99CD2AC2A3E62E800C2987C /* URL.swift */,
			);
			path = Helpers;
			sourceTree = "<group>";
		};
		D44A78D52A3E2BB60031ECF7 /* Frontend */ = {
			isa = PBXGroup;
			children = (
				D44A78DB2A3E2C780031ECF7 /* Editor */,
				D44A78D62A3E2BD30031ECF7 /* Elements */,
			);
			path = Frontend;
			sourceTree = "<group>";
		};
		D44A78D62A3E2BD30031ECF7 /* Elements */ = {
			isa = PBXGroup;
			children = (
				D44A78D72A3E2BDA0031ECF7 /* RoundedButton.swift */,
				D44A78D92A3E2BE90031ECF7 /* Bar.swift */,
				D44A78E12A3E2D160031ECF7 /* SymbolButton.swift */,
				D44A78E52A3E2D340031ECF7 /* ThreadLine.swift */,
				D44A78F22A3E2DA00031ECF7 /* SafeAreaBlock.swift */,
				D44A78F62A3E2DF10031ECF7 /* CollapsedBlock.swift */,
			);
			path = Elements;
			sourceTree = "<group>";
		};
		D44A78DB2A3E2C780031ECF7 /* Editor */ = {
			isa = PBXGroup;
			children = (
				D4D678E82A3E6BE000F3B38E /* Blurt */,
				D44A78ED2A3E2D7A0031ECF7 /* Navigation */,
				D44A78DC2A3E2C860031ECF7 /* Controls */,
				D44A78E72A3E2D4C0031ECF7 /* EditorView.swift */,
				D44A78E92A3E2D590031ECF7 /* EditorContent.swift */,
			);
			path = Editor;
			sourceTree = "<group>";
		};
		D44A78DC2A3E2C860031ECF7 /* Controls */ = {
			isa = PBXGroup;
			children = (
				D44A78DD2A3E2C930031ECF7 /* CenterControl.swift */,
				D44A78DF2A3E2D030031ECF7 /* MiscControl.swift */,
				D44A78E32A3E2D230031ECF7 /* PlaybackControl.swift */,
			);
			path = Controls;
			sourceTree = "<group>";
		};
		D44A78ED2A3E2D7A0031ECF7 /* Navigation */ = {
			isa = PBXGroup;
			children = (
				D44A78EE2A3E2D820031ECF7 /* NavigationBar.swift */,
				D44A78F02A3E2D8F0031ECF7 /* NoteNavigationBar.swift */,
			);
			path = Navigation;
			sourceTree = "<group>";
		};
		D44A78F82A3E2E0A0031ECF7 /* UIViews */ = {
			isa = PBXGroup;
			children = (
				D44A78F92A3E2E120031ECF7 /* ImagePicker.swift */,
			);
			path = UIViews;
			sourceTree = "<group>";
		};
		D44A78FF2A3E2E600031ECF7 /* Alpha */ = {
			isa = PBXGroup;
			children = (
				D44A79002A3E2E680031ECF7 /* AlphaContentManager.swift */,
				D44A79022A3E2E770031ECF7 /* AlphaBlock.swift */,
				D44A79042A3E2E820031ECF7 /* AlphaEditorView.swift */,
				D44A79062A3E2E8C0031ECF7 /* TestBlock.swift */,
			);
			path = Alpha;
			sourceTree = "<group>";
		};
		D4D678E82A3E6BE000F3B38E /* Blurt */ = {
			isa = PBXGroup;
			children = (
				D44A78EB2A3E2D6A0031ECF7 /* BlurtView.swift */,
				E99CD2AE2A3F60D300C2987C /* PracticeView.swift */,
			);
			path = Blurt;
			sourceTree = "<group>";
		};
		E99CD2832A3E264300C2987C = {
			isa = PBXGroup;
			children = (
				E99CD28E2A3E264300C2987C /* Lectern */,
				E99CD28D2A3E264300C2987C /* Products */,
			);
			sourceTree = "<group>";
		};
		E99CD28D2A3E264300C2987C /* Products */ = {
			isa = PBXGroup;
			children = (
				E99CD28C2A3E264300C2987C /* Lectern.app */,
			);
			name = Products;
			sourceTree = "<group>";
		};
		E99CD28E2A3E264300C2987C /* Lectern */ = {
			isa = PBXGroup;
			children = (
				E99CD29E2A3E44C800C2987C /* Info.plist */,
				D44A78FF2A3E2E600031ECF7 /* Alpha */,
				D44A78B92A3E2AA60031ECF7 /* Helpers */,
				D44A78962A3E278A0031ECF7 /* Backend */,
				D44A78D52A3E2BB60031ECF7 /* Frontend */,
				E99CD28F2A3E264300C2987C /* LecternApp.swift */,
				E99CD2912A3E264300C2987C /* ContentView.swift */,
				D44A78902A3E275A0031ECF7 /* ParentView.swift */,
				E99CD2932A3E264400C2987C /* Assets.xcassets */,
				E99CD2952A3E264400C2987C /* Lectern.entitlements */,
				E99CD2962A3E264400C2987C /* Preview Content */,
			);
			path = Lectern;
			sourceTree = "<group>";
		};
		E99CD2962A3E264400C2987C /* Preview Content */ = {
			isa = PBXGroup;
			children = (
				E99CD2972A3E264400C2987C /* Preview Assets.xcassets */,
			);
			path = "Preview Content";
			sourceTree = "<group>";
		};
		E99CD29F2A3E45D200C2987C /* Transcription */ = {
			isa = PBXGroup;
			children = (
				E99CD2A02A3E45F100C2987C /* SpeechRecognition.swift */,
			);
			path = Transcription;
			sourceTree = "<group>";
		};
/* End PBXGroup section */

/* Begin PBXNativeTarget section */
		E99CD28B2A3E264300C2987C /* Lectern */ = {
			isa = PBXNativeTarget;
			buildConfigurationList = E99CD29B2A3E264400C2987C /* Build configuration list for PBXNativeTarget "Lectern" */;
			buildPhases = (
				E99CD2882A3E264300C2987C /* Sources */,
				E99CD2892A3E264300C2987C /* Frameworks */,
				E99CD28A2A3E264300C2987C /* Resources */,
			);
			buildRules = (
			);
			dependencies = (
			);
			name = Lectern;
			packageProductDependencies = (
				D4D678E12A3E2F2D00F3B38E /* FluidGradient */,
				D4D678E62A3E5C3600F3B38E /* WrappingHStack */,
			);
			productName = Lectern;
			productReference = E99CD28C2A3E264300C2987C /* Lectern.app */;
			productType = "com.apple.product-type.application";
		};
/* End PBXNativeTarget section */

/* Begin PBXProject section */
		E99CD2842A3E264300C2987C /* Project object */ = {
			isa = PBXProject;
			attributes = {
				BuildIndependentTargetsInParallel = 1;
				LastSwiftUpdateCheck = 1500;
				LastUpgradeCheck = 1500;
				TargetAttributes = {
					E99CD28B2A3E264300C2987C = {
						CreatedOnToolsVersion = 15.0;
					};
				};
			};
			buildConfigurationList = E99CD2872A3E264300C2987C /* Build configuration list for PBXProject "Lectern" */;
			compatibilityVersion = "Xcode 14.0";
			developmentRegion = en;
			hasScannedForEncodings = 0;
			knownRegions = (
				en,
				Base,
			);
			mainGroup = E99CD2832A3E264300C2987C;
			packageReferences = (
				D4D678E02A3E2F2D00F3B38E /* XCRemoteSwiftPackageReference "FluidGradient" */,
				D4D678E52A3E5C3600F3B38E /* XCRemoteSwiftPackageReference "WrappingHStack" */,
			);
			productRefGroup = E99CD28D2A3E264300C2987C /* Products */;
			projectDirPath = "";
			projectRoot = "";
			targets = (
				E99CD28B2A3E264300C2987C /* Lectern */,
			);
		};
/* End PBXProject section */

/* Begin PBXResourcesBuildPhase section */
		E99CD28A2A3E264300C2987C /* Resources */ = {
			isa = PBXResourcesBuildPhase;
			buildActionMask = 2147483647;
			files = (
				E99CD2982A3E264400C2987C /* Preview Assets.xcassets in Resources */,
				E99CD2942A3E264400C2987C /* Assets.xcassets in Resources */,
			);
			runOnlyForDeploymentPostprocessing = 0;
		};
/* End PBXResourcesBuildPhase section */

/* Begin PBXSourcesBuildPhase section */
		E99CD2882A3E264300C2987C /* Sources */ = {
			isa = PBXSourcesBuildPhase;
			buildActionMask = 2147483647;
			files = (
				D44A79012A3E2E680031ECF7 /* AlphaContentManager.swift in Sources */,
				D44A78C62A3E2B3D0031ECF7 /* Blur.swift in Sources */,
				D44A78F72A3E2DF10031ECF7 /* CollapsedBlock.swift in Sources */,
				D44A78D82A3E2BDA0031ECF7 /* RoundedButton.swift in Sources */,
				D44A789C2A3E27D50031ECF7 /* NavigationViewModel.swift in Sources */,
				D44A78BB2A3E2ABB0031ECF7 /* Constants.swift in Sources */,
				D44A78B42A3E2A5F0031ECF7 /* ContentManager.swift in Sources */,
				E99CD2A62A3E514900C2987C /* Array.swift in Sources */,
				D44A78FE2A3E2E540031ECF7 /* TextBlockViewModel.swift in Sources */,
				D44A78AE2A3E28F60031ECF7 /* FoldableBlock.swift in Sources */,
				D44A78AA2A3E28B40031ECF7 /* TextStyleStandard.swift in Sources */,
				D44A78DA2A3E2BE90031ECF7 /* Bar.swift in Sources */,
				D44A79052A3E2E820031ECF7 /* AlphaEditorView.swift in Sources */,
				D44A78F12A3E2D8F0031ECF7 /* NoteNavigationBar.swift in Sources */,
				D44A78CC2A3E2B7C0031ECF7 /* Font.swift in Sources */,
				D44A78FA2A3E2E120031ECF7 /* ImagePicker.swift in Sources */,
				D44A78A82A3E287D0031ECF7 /* TextBlockUIKit.swift in Sources */,
				D44A78D42A3E2BAA0031ECF7 /* Collection.swift in Sources */,
				D44A78A02A3E27FD0031ECF7 /* Block.swift in Sources */,
				D44A78C82A3E2B500031ECF7 /* ButtonStyles.swift in Sources */,
				E99CD2AF2A3F60D300C2987C /* PracticeView.swift in Sources */,
				D44A78B82A3E2A950031ECF7 /* ContentManagerStyling.swift in Sources */,
				D44A78C02A3E2B070031ECF7 /* UIApplication.swift in Sources */,
				D44A78EC2A3E2D6A0031ECF7 /* BlurtView.swift in Sources */,
				D44A78DE2A3E2C930031ECF7 /* CenterControl.swift in Sources */,
				E99CD2AD2A3E62E800C2987C /* URL.swift in Sources */,
				D44A78AC2A3E28E10031ECF7 /* BlockView.swift in Sources */,
				D44A78EA2A3E2D590031ECF7 /* EditorContent.swift in Sources */,
				D44A78F32A3E2DA00031ECF7 /* SafeAreaBlock.swift in Sources */,
				D44A78C42A3E2B330031ECF7 /* Binding.swift in Sources */,
				D44A78E62A3E2D340031ECF7 /* ThreadLine.swift in Sources */,
				D44A78A52A3E28650031ECF7 /* TextBlock.swift in Sources */,
				E99CD2922A3E264300C2987C /* ContentView.swift in Sources */,
				D44A789A2A3E27C40031ECF7 /* EditorViewModel.swift in Sources */,
				D44A79072A3E2E8C0031ECF7 /* TestBlock.swift in Sources */,
				D44A78D22A3E2B9F0031ECF7 /* String.swift in Sources */,
				D44A78BE2A3E2AEF0031ECF7 /* Stacks.swift in Sources */,
				D44A78FC2A3E2E380031ECF7 /* Styles.swift in Sources */,
				D44A78912A3E275A0031ECF7 /* ParentView.swift in Sources */,
				D44A78CE2A3E2B8D0031ECF7 /* Haptics.swift in Sources */,
				D44A78F52A3E2DBF0031ECF7 /* Keyboard.swift in Sources */,
				E99CD2902A3E264300C2987C /* LecternApp.swift in Sources */,
				D44A78E42A3E2D230031ECF7 /* PlaybackControl.swift in Sources */,
				D44A78B02A3E29050031ECF7 /* RootBlockView.swift in Sources */,
				E99CD2AB2A3E5EAC00C2987C /* ContentManagerStudy.swift in Sources */,
				D44A78E82A3E2D4C0031ECF7 /* EditorView.swift in Sources */,
				D44A78A22A3E28120031ECF7 /* BlockStyle.swift in Sources */,
				E99CD2A12A3E45F100C2987C /* SpeechRecognition.swift in Sources */,
				D44A78C22A3E2B290031ECF7 /* Animation.swift in Sources */,
				D44A78EF2A3E2D820031ECF7 /* NavigationBar.swift in Sources */,
				D44A78D02A3E2B970031ECF7 /* Modal.swift in Sources */,
				D44A79032A3E2E770031ECF7 /* AlphaBlock.swift in Sources */,
				D44A78B62A3E2A870031ECF7 /* ContentManagerFolding.swift in Sources */,
				D44A78E02A3E2D030031ECF7 /* MiscControl.swift in Sources */,
				D44A78E22A3E2D160031ECF7 /* SymbolButton.swift in Sources */,
			);
			runOnlyForDeploymentPostprocessing = 0;
		};
/* End PBXSourcesBuildPhase section */

/* Begin XCBuildConfiguration section */
		E99CD2992A3E264400C2987C /* Debug */ = {
			isa = XCBuildConfiguration;
			buildSettings = {
				ALWAYS_SEARCH_USER_PATHS = NO;
				ASSETCATALOG_COMPILER_GENERATE_SWIFT_ASSET_SYMBOL_EXTENSIONS = YES;
				CLANG_ANALYZER_NONNULL = YES;
				CLANG_ANALYZER_NUMBER_OBJECT_CONVERSION = YES_AGGRESSIVE;
				CLANG_CXX_LANGUAGE_STANDARD = "gnu++20";
				CLANG_ENABLE_MODULES = YES;
				CLANG_ENABLE_OBJC_ARC = YES;
				CLANG_ENABLE_OBJC_WEAK = YES;
				CLANG_WARN_BLOCK_CAPTURE_AUTORELEASING = YES;
				CLANG_WARN_BOOL_CONVERSION = YES;
				CLANG_WARN_COMMA = YES;
				CLANG_WARN_CONSTANT_CONVERSION = YES;
				CLANG_WARN_DEPRECATED_OBJC_IMPLEMENTATIONS = YES;
				CLANG_WARN_DIRECT_OBJC_ISA_USAGE = YES_ERROR;
				CLANG_WARN_DOCUMENTATION_COMMENTS = YES;
				CLANG_WARN_EMPTY_BODY = YES;
				CLANG_WARN_ENUM_CONVERSION = YES;
				CLANG_WARN_INFINITE_RECURSION = YES;
				CLANG_WARN_INT_CONVERSION = YES;
				CLANG_WARN_NON_LITERAL_NULL_CONVERSION = YES;
				CLANG_WARN_OBJC_IMPLICIT_RETAIN_SELF = YES;
				CLANG_WARN_OBJC_LITERAL_CONVERSION = YES;
				CLANG_WARN_OBJC_ROOT_CLASS = YES_ERROR;
				CLANG_WARN_QUOTED_INCLUDE_IN_FRAMEWORK_HEADER = YES;
				CLANG_WARN_RANGE_LOOP_ANALYSIS = YES;
				CLANG_WARN_STRICT_PROTOTYPES = YES;
				CLANG_WARN_SUSPICIOUS_MOVE = YES;
				CLANG_WARN_UNGUARDED_AVAILABILITY = YES_AGGRESSIVE;
				CLANG_WARN_UNREACHABLE_CODE = YES;
				CLANG_WARN__DUPLICATE_METHOD_MATCH = YES;
				COPY_PHASE_STRIP = NO;
				DEBUG_INFORMATION_FORMAT = dwarf;
				ENABLE_STRICT_OBJC_MSGSEND = YES;
				ENABLE_TESTABILITY = YES;
				ENABLE_USER_SCRIPT_SANDBOXING = YES;
				GCC_C_LANGUAGE_STANDARD = gnu17;
				GCC_DYNAMIC_NO_PIC = NO;
				GCC_NO_COMMON_BLOCKS = YES;
				GCC_OPTIMIZATION_LEVEL = 0;
				GCC_PREPROCESSOR_DEFINITIONS = (
					"DEBUG=1",
					"$(inherited)",
				);
				GCC_WARN_64_TO_32_BIT_CONVERSION = YES;
				GCC_WARN_ABOUT_RETURN_TYPE = YES_ERROR;
				GCC_WARN_UNDECLARED_SELECTOR = YES;
				GCC_WARN_UNINITIALIZED_AUTOS = YES_AGGRESSIVE;
				GCC_WARN_UNUSED_FUNCTION = YES;
				GCC_WARN_UNUSED_VARIABLE = YES;
				LOCALIZATION_PREFERS_STRING_CATALOGS = YES;
				MTL_ENABLE_DEBUG_INFO = INCLUDE_SOURCE;
				MTL_FAST_MATH = YES;
				ONLY_ACTIVE_ARCH = YES;
				SWIFT_ACTIVE_COMPILATION_CONDITIONS = "DEBUG $(inherited)";
				SWIFT_OPTIMIZATION_LEVEL = "-Onone";
			};
			name = Debug;
		};
		E99CD29A2A3E264400C2987C /* Release */ = {
			isa = XCBuildConfiguration;
			buildSettings = {
				ALWAYS_SEARCH_USER_PATHS = NO;
				ASSETCATALOG_COMPILER_GENERATE_SWIFT_ASSET_SYMBOL_EXTENSIONS = YES;
				CLANG_ANALYZER_NONNULL = YES;
				CLANG_ANALYZER_NUMBER_OBJECT_CONVERSION = YES_AGGRESSIVE;
				CLANG_CXX_LANGUAGE_STANDARD = "gnu++20";
				CLANG_ENABLE_MODULES = YES;
				CLANG_ENABLE_OBJC_ARC = YES;
				CLANG_ENABLE_OBJC_WEAK = YES;
				CLANG_WARN_BLOCK_CAPTURE_AUTORELEASING = YES;
				CLANG_WARN_BOOL_CONVERSION = YES;
				CLANG_WARN_COMMA = YES;
				CLANG_WARN_CONSTANT_CONVERSION = YES;
				CLANG_WARN_DEPRECATED_OBJC_IMPLEMENTATIONS = YES;
				CLANG_WARN_DIRECT_OBJC_ISA_USAGE = YES_ERROR;
				CLANG_WARN_DOCUMENTATION_COMMENTS = YES;
				CLANG_WARN_EMPTY_BODY = YES;
				CLANG_WARN_ENUM_CONVERSION = YES;
				CLANG_WARN_INFINITE_RECURSION = YES;
				CLANG_WARN_INT_CONVERSION = YES;
				CLANG_WARN_NON_LITERAL_NULL_CONVERSION = YES;
				CLANG_WARN_OBJC_IMPLICIT_RETAIN_SELF = YES;
				CLANG_WARN_OBJC_LITERAL_CONVERSION = YES;
				CLANG_WARN_OBJC_ROOT_CLASS = YES_ERROR;
				CLANG_WARN_QUOTED_INCLUDE_IN_FRAMEWORK_HEADER = YES;
				CLANG_WARN_RANGE_LOOP_ANALYSIS = YES;
				CLANG_WARN_STRICT_PROTOTYPES = YES;
				CLANG_WARN_SUSPICIOUS_MOVE = YES;
				CLANG_WARN_UNGUARDED_AVAILABILITY = YES_AGGRESSIVE;
				CLANG_WARN_UNREACHABLE_CODE = YES;
				CLANG_WARN__DUPLICATE_METHOD_MATCH = YES;
				COPY_PHASE_STRIP = NO;
				DEBUG_INFORMATION_FORMAT = "dwarf-with-dsym";
				ENABLE_NS_ASSERTIONS = NO;
				ENABLE_STRICT_OBJC_MSGSEND = YES;
				ENABLE_USER_SCRIPT_SANDBOXING = YES;
				GCC_C_LANGUAGE_STANDARD = gnu17;
				GCC_NO_COMMON_BLOCKS = YES;
				GCC_WARN_64_TO_32_BIT_CONVERSION = YES;
				GCC_WARN_ABOUT_RETURN_TYPE = YES_ERROR;
				GCC_WARN_UNDECLARED_SELECTOR = YES;
				GCC_WARN_UNINITIALIZED_AUTOS = YES_AGGRESSIVE;
				GCC_WARN_UNUSED_FUNCTION = YES;
				GCC_WARN_UNUSED_VARIABLE = YES;
				LOCALIZATION_PREFERS_STRING_CATALOGS = YES;
				MTL_ENABLE_DEBUG_INFO = NO;
				MTL_FAST_MATH = YES;
				SWIFT_COMPILATION_MODE = wholemodule;
			};
			name = Release;
		};
		E99CD29C2A3E264400C2987C /* Debug */ = {
			isa = XCBuildConfiguration;
			buildSettings = {
				ASSETCATALOG_COMPILER_APPICON_NAME = AppIcon;
				ASSETCATALOG_COMPILER_GLOBAL_ACCENT_COLOR_NAME = AccentColor;
				CODE_SIGN_ENTITLEMENTS = Lectern/Lectern.entitlements;
				CODE_SIGN_STYLE = Automatic;
				CURRENT_PROJECT_VERSION = 1;
				DEVELOPMENT_ASSET_PATHS = "\"Lectern/Preview Content\"";
				DEVELOPMENT_TEAM = C4DBP4HKWQ;
				ENABLE_HARDENED_RUNTIME = YES;
				ENABLE_PREVIEWS = YES;
				GENERATE_INFOPLIST_FILE = YES;
				INFOPLIST_FILE = Lectern/Info.plist;
				INFOPLIST_KEY_CFBundleDisplayName = Lectern;
				INFOPLIST_KEY_NSMicrophoneUsageDescription = "Audio is recorded to transcribe your studying. Audio recordings are discarded after transcription.";
				INFOPLIST_KEY_NSSpeechRecognitionUsageDescription = "You can explain your notes out loud for improved retention.";
				"INFOPLIST_KEY_UIApplicationSceneManifest_Generation[sdk=iphoneos*]" = YES;
				"INFOPLIST_KEY_UIApplicationSceneManifest_Generation[sdk=iphonesimulator*]" = YES;
				"INFOPLIST_KEY_UIApplicationSupportsIndirectInputEvents[sdk=iphoneos*]" = YES;
				"INFOPLIST_KEY_UIApplicationSupportsIndirectInputEvents[sdk=iphonesimulator*]" = YES;
				"INFOPLIST_KEY_UILaunchScreen_Generation[sdk=iphoneos*]" = YES;
				"INFOPLIST_KEY_UILaunchScreen_Generation[sdk=iphonesimulator*]" = YES;
				"INFOPLIST_KEY_UIStatusBarStyle[sdk=iphoneos*]" = UIStatusBarStyleDefault;
				"INFOPLIST_KEY_UIStatusBarStyle[sdk=iphonesimulator*]" = UIStatusBarStyleDefault;
				INFOPLIST_KEY_UISupportedInterfaceOrientations = UIInterfaceOrientationPortrait;
				INFOPLIST_KEY_UISupportedInterfaceOrientations_iPad = "UIInterfaceOrientationLandscapeLeft UIInterfaceOrientationLandscapeRight UIInterfaceOrientationPortrait UIInterfaceOrientationPortraitUpsideDown";
				IPHONEOS_DEPLOYMENT_TARGET = 17.0;
				LD_RUNPATH_SEARCH_PATHS = "@executable_path/Frameworks";
				"LD_RUNPATH_SEARCH_PATHS[sdk=macosx*]" = "@executable_path/../Frameworks";
				MACOSX_DEPLOYMENT_TARGET = 14.0;
				MARKETING_VERSION = 1.0;
				PRODUCT_BUNDLE_IDENTIFIER = com.simplycode.Lectern;
				PRODUCT_NAME = "$(TARGET_NAME)";
				SDKROOT = auto;
				SUPPORTED_PLATFORMS = "iphoneos iphonesimulator macosx";
				SWIFT_EMIT_LOC_STRINGS = YES;
				SWIFT_VERSION = 5.0;
				TARGETED_DEVICE_FAMILY = "1,2";
			};
			name = Debug;
		};
		E99CD29D2A3E264400C2987C /* Release */ = {
			isa = XCBuildConfiguration;
			buildSettings = {
				ASSETCATALOG_COMPILER_APPICON_NAME = AppIcon;
				ASSETCATALOG_COMPILER_GLOBAL_ACCENT_COLOR_NAME = AccentColor;
				CODE_SIGN_ENTITLEMENTS = Lectern/Lectern.entitlements;
				CODE_SIGN_STYLE = Automatic;
				CURRENT_PROJECT_VERSION = 1;
				DEVELOPMENT_ASSET_PATHS = "\"Lectern/Preview Content\"";
				DEVELOPMENT_TEAM = C4DBP4HKWQ;
				ENABLE_HARDENED_RUNTIME = YES;
				ENABLE_PREVIEWS = YES;
				GENERATE_INFOPLIST_FILE = YES;
				INFOPLIST_FILE = Lectern/Info.plist;
				INFOPLIST_KEY_CFBundleDisplayName = Lectern;
				INFOPLIST_KEY_NSMicrophoneUsageDescription = "Audio is recorded to transcribe your studying. Audio recordings are discarded after transcription.";
				INFOPLIST_KEY_NSSpeechRecognitionUsageDescription = "You can explain your notes out loud for improved retention.";
				"INFOPLIST_KEY_UIApplicationSceneManifest_Generation[sdk=iphoneos*]" = YES;
				"INFOPLIST_KEY_UIApplicationSceneManifest_Generation[sdk=iphonesimulator*]" = YES;
				"INFOPLIST_KEY_UIApplicationSupportsIndirectInputEvents[sdk=iphoneos*]" = YES;
				"INFOPLIST_KEY_UIApplicationSupportsIndirectInputEvents[sdk=iphonesimulator*]" = YES;
				"INFOPLIST_KEY_UILaunchScreen_Generation[sdk=iphoneos*]" = YES;
				"INFOPLIST_KEY_UILaunchScreen_Generation[sdk=iphonesimulator*]" = YES;
				"INFOPLIST_KEY_UIStatusBarStyle[sdk=iphoneos*]" = UIStatusBarStyleDefault;
				"INFOPLIST_KEY_UIStatusBarStyle[sdk=iphonesimulator*]" = UIStatusBarStyleDefault;
				INFOPLIST_KEY_UISupportedInterfaceOrientations = UIInterfaceOrientationPortrait;
				INFOPLIST_KEY_UISupportedInterfaceOrientations_iPad = "UIInterfaceOrientationLandscapeLeft UIInterfaceOrientationLandscapeRight UIInterfaceOrientationPortrait UIInterfaceOrientationPortraitUpsideDown";
				IPHONEOS_DEPLOYMENT_TARGET = 17.0;
				LD_RUNPATH_SEARCH_PATHS = "@executable_path/Frameworks";
				"LD_RUNPATH_SEARCH_PATHS[sdk=macosx*]" = "@executable_path/../Frameworks";
				MACOSX_DEPLOYMENT_TARGET = 14.0;
				MARKETING_VERSION = 1.0;
				PRODUCT_BUNDLE_IDENTIFIER = com.simplycode.Lectern;
				PRODUCT_NAME = "$(TARGET_NAME)";
				SDKROOT = auto;
				SUPPORTED_PLATFORMS = "iphoneos iphonesimulator macosx";
				SWIFT_EMIT_LOC_STRINGS = YES;
				SWIFT_VERSION = 5.0;
				TARGETED_DEVICE_FAMILY = "1,2";
			};
			name = Release;
		};
/* End XCBuildConfiguration section */

/* Begin XCConfigurationList section */
		E99CD2872A3E264300C2987C /* Build configuration list for PBXProject "Lectern" */ = {
			isa = XCConfigurationList;
			buildConfigurations = (
				E99CD2992A3E264400C2987C /* Debug */,
				E99CD29A2A3E264400C2987C /* Release */,
			);
			defaultConfigurationIsVisible = 0;
			defaultConfigurationName = Release;
		};
		E99CD29B2A3E264400C2987C /* Build configuration list for PBXNativeTarget "Lectern" */ = {
			isa = XCConfigurationList;
			buildConfigurations = (
				E99CD29C2A3E264400C2987C /* Debug */,
				E99CD29D2A3E264400C2987C /* Release */,
			);
			defaultConfigurationIsVisible = 0;
			defaultConfigurationName = Release;
		};
/* End XCConfigurationList section */

/* Begin XCRemoteSwiftPackageReference section */
		D4D678E02A3E2F2D00F3B38E /* XCRemoteSwiftPackageReference "FluidGradient" */ = {
			isa = XCRemoteSwiftPackageReference;
			repositoryURL = "https://github.com/Cindori/FluidGradient.git";
			requirement = {
				kind = upToNextMajorVersion;
				minimumVersion = 1.0.0;
			};
		};
		D4D678E52A3E5C3600F3B38E /* XCRemoteSwiftPackageReference "WrappingHStack" */ = {
			isa = XCRemoteSwiftPackageReference;
			repositoryURL = "https://github.com/dkk/WrappingHStack.git";
			requirement = {
				kind = upToNextMajorVersion;
				minimumVersion = 2.2.10;
			};
		};
/* End XCRemoteSwiftPackageReference section */

/* Begin XCSwiftPackageProductDependency section */
		D4D678E12A3E2F2D00F3B38E /* FluidGradient */ = {
			isa = XCSwiftPackageProductDependency;
			package = D4D678E02A3E2F2D00F3B38E /* XCRemoteSwiftPackageReference "FluidGradient" */;
			productName = FluidGradient;
		};
		D4D678E62A3E5C3600F3B38E /* WrappingHStack */ = {
			isa = XCSwiftPackageProductDependency;
			package = D4D678E52A3E5C3600F3B38E /* XCRemoteSwiftPackageReference "WrappingHStack" */;
			productName = WrappingHStack;
		};
/* End XCSwiftPackageProductDependency section */
	};
	rootObject = E99CD2842A3E264300C2987C /* Project object */;
}
